
Microsoft Visual Studio Solution File, Format Version 12.00
# Visual Studio Version 16
VisualStudioVersion = 16.0.32106.194
MinimumVisualStudioVersion = 10.0.40219.1
Project("{9A19103F-16F7-4668-BE54-9A1E7A4F7556}") = "Henry's Caravan", "Henry's Caravan.csproj", "{B2BEFE8D-1C4C-41A8-809A-D30624E191F3}"
EndProject
Global
	GlobalSection(SolutionConfigurationPlatforms) = preSolution
		Debug|Any CPU = Debug|Any CPU
		ExportDebug|Any CPU = ExportDebug|Any CPU
		ExportRelease|Any CPU = ExportRelease|Any CPU
	EndGlobalSection
	GlobalSection(ProjectConfigurationPlatforms) = postSolution
		{B2BEFE8D-1C4C-41A8-809A-D30624E191F3}.Debug|Any CPU.ActiveCfg = Debug|Any CPU
		{B2BEFE8D-1C4C-41A8-809A-D30624E191F3}.Debug|Any CPU.Build.0 = Debug|Any CPU
		{B2BEFE8D-1C4C-41A8-809A-D30624E191F3}.ExportDebug|Any CPU.ActiveCfg = ExportDebug|Any CPU
		{B2BEFE8D-1C4C-41A8-809A-D30624E191F3}.ExportDebug|Any CPU.Build.0 = ExportDebug|Any CPU
		{B2BEFE8D-1C4C-41A8-809A-D30624E191F3}.ExportRelease|Any CPU.ActiveCfg = ExportRelease|Any CPU
		{B2BEFE8D-1C4C-41A8-809A-D30624E191F3}.ExportRelease|Any CPU.Build.0 = ExportRelease|Any CPU
	EndGlobalSection
	GlobalSection(SolutionProperties) = preSolution
		HideSolutionNode = FALSE
	EndGlobalSection
	GlobalSection(ExtensibilityGlobals) = postSolution
		SolutionGuid = {5AD1D97E-146C-42D9-AC5A-DC4965731281}
	EndGlobalSection
EndGlobal
